
Microsoft Visual Studio Solution File, Format Version 12.00
# Visual Studio Version 17
VisualStudioVersion = 17.3.32929.385
MinimumVisualStudioVersion = 10.0.40219.1
Project("{9A19103F-16F7-4668-BE54-9A1E7A4F7556}") = "DotaCounterPicker.Services", "DotaCounterPicker.Services\DotaCounterPicker.Services.csproj", "{68F9BDD8-B994-4653-A7C1-AD4872ECA920}"
EndProject
Project("{9A19103F-16F7-4668-BE54-9A1E7A4F7556}") = "DotaCounterPicker.Server", "DotaCounterPicker.Server\DotaCounterPicker.Server.csproj", "{031C863F-5B2B-4355-9716-2EFD7EBEFBCF}"
EndProject
Project("{9A19103F-16F7-4668-BE54-9A1E7A4F7556}") = "DotaCounterPicker.Core", "DotaCounterPicker.Core\DotaCounterPicker.Core.csproj", "{E0149053-3190-48BE-925D-1368FDC497C7}"
EndProject
Project("{9A19103F-16F7-4668-BE54-9A1E7A4F7556}") = "DotaCounterPicker.MVVM", "DotaCounterPicker.MVVM\DotaCounterPicker.MVVM.csproj", "{BE60326F-6678-4884-A6EA-838C575C5487}"
EndProject
Project("{FAE04EC0-301F-11D3-BF4B-00C04F79EFBC}") = "DotaCounterPicker.Data", "DotaCounterPicker.Data\DotaCounterPicker.Data.csproj", "{3D1C13F2-AE82-4AEC-B4FD-268D1AF5B71E}"
EndProject
Project("{FAE04EC0-301F-11D3-BF4B-00C04F79EFBC}") = "DotaCounterPicker.Selenium", "DotaCounterPicker.Selenium\DotaCounterPicker.Selenium.csproj", "{08C56120-C336-41F4-A28D-BCEA25C715F2}"
EndProject
Global
	GlobalSection(SolutionConfigurationPlatforms) = preSolution
		Debug|Any CPU = Debug|Any CPU
		Release|Any CPU = Release|Any CPU
	EndGlobalSection
	GlobalSection(ProjectConfigurationPlatforms) = postSolution
		{68F9BDD8-B994-4653-A7C1-AD4872ECA920}.Debug|Any CPU.ActiveCfg = Debug|Any CPU
		{68F9BDD8-B994-4653-A7C1-AD4872ECA920}.Debug|Any CPU.Build.0 = Debug|Any CPU
		{68F9BDD8-B994-4653-A7C1-AD4872ECA920}.Release|Any CPU.ActiveCfg = Release|Any CPU
		{68F9BDD8-B994-4653-A7C1-AD4872ECA920}.Release|Any CPU.Build.0 = Release|Any CPU
		{031C863F-5B2B-4355-9716-2EFD7EBEFBCF}.Debug|Any CPU.ActiveCfg = Debug|Any CPU
		{031C863F-5B2B-4355-9716-2EFD7EBEFBCF}.Debug|Any CPU.Build.0 = Debug|Any CPU
		{031C863F-5B2B-4355-9716-2EFD7EBEFBCF}.Release|Any CPU.ActiveCfg = Release|Any CPU
		{031C863F-5B2B-4355-9716-2EFD7EBEFBCF}.Release|Any CPU.Build.0 = Release|Any CPU
		{E0149053-3190-48BE-925D-1368FDC497C7}.Debug|Any CPU.ActiveCfg = Debug|Any CPU
		{E0149053-3190-48BE-925D-1368FDC497C7}.Debug|Any CPU.Build.0 = Debug|Any CPU
		{E0149053-3190-48BE-925D-1368FDC497C7}.Release|Any CPU.ActiveCfg = Release|Any CPU
		{E0149053-3190-48BE-925D-1368FDC497C7}.Release|Any CPU.Build.0 = Release|Any CPU
		{BE60326F-6678-4884-A6EA-838C575C5487}.Debug|Any CPU.ActiveCfg = Debug|Any CPU
		{BE60326F-6678-4884-A6EA-838C575C5487}.Debug|Any CPU.Build.0 = Debug|Any CPU
		{BE60326F-6678-4884-A6EA-838C575C5487}.Release|Any CPU.ActiveCfg = Release|Any CPU
		{BE60326F-6678-4884-A6EA-838C575C5487}.Release|Any CPU.Build.0 = Release|Any CPU
		{3D1C13F2-AE82-4AEC-B4FD-268D1AF5B71E}.Debug|Any CPU.ActiveCfg = Debug|Any CPU
		{3D1C13F2-AE82-4AEC-B4FD-268D1AF5B71E}.Debug|Any CPU.Build.0 = Debug|Any CPU
		{3D1C13F2-AE82-4AEC-B4FD-268D1AF5B71E}.Release|Any CPU.ActiveCfg = Release|Any CPU
		{3D1C13F2-AE82-4AEC-B4FD-268D1AF5B71E}.Release|Any CPU.Build.0 = Release|Any CPU
		{08C56120-C336-41F4-A28D-BCEA25C715F2}.Debug|Any CPU.ActiveCfg = Debug|Any CPU
		{08C56120-C336-41F4-A28D-BCEA25C715F2}.Debug|Any CPU.Build.0 = Debug|Any CPU
		{08C56120-C336-41F4-A28D-BCEA25C715F2}.Release|Any CPU.ActiveCfg = Release|Any CPU
		{08C56120-C336-41F4-A28D-BCEA25C715F2}.Release|Any CPU.Build.0 = Release|Any CPU
	EndGlobalSection
	GlobalSection(SolutionProperties) = preSolution
		HideSolutionNode = FALSE
	EndGlobalSection
	GlobalSection(ExtensibilityGlobals) = postSolution
		SolutionGuid = {082157A8-D440-4428-81CE-355FB363C1C8}
	EndGlobalSection
EndGlobal
